
Microsoft Visual Studio Solution File, Format Version 12.00
# Visual Studio Version 17
VisualStudioVersion = 17.11.35201.85
MinimumVisualStudioVersion = 10.0.40219.1
Project("{2150E333-8FDC-42A3-9474-1A3956D46DE8}") = "Solution Items", "Solution Items", "{296BD9CD-4636-45DB-B9C0-1B57B668CC40}"
	ProjectSection(SolutionItems) = preProject
		.gitattributes = .gitattributes
		.gitignore = .gitignore
		LICENSE.txt = LICENSE.txt
		README.md = README.md
	EndProjectSection
EndProject
Project("{9A19103F-16F7-4668-BE54-9A1E7A4F7556}") = "Billiano.LangExt.Functional", "Billiano.LangExt.Functional\Billiano.LangExt.Functional.csproj", "{BD2EFD20-D15A-4B3D-92F0-C3289B319619}"
EndProject
Project("{9A19103F-16F7-4668-BE54-9A1E7A4F7556}") = "Billiano.LangExt.Test", "Billiano.LangExt.Test\Billiano.LangExt.Test.csproj", "{A7900FCB-9066-425D-9477-60F05B08FAF5}"
EndProject
Global
	GlobalSection(SolutionConfigurationPlatforms) = preSolution
		Debug|Any CPU = Debug|Any CPU
		Release|Any CPU = Release|Any CPU
	EndGlobalSection
	GlobalSection(ProjectConfigurationPlatforms) = postSolution
		{BD2EFD20-D15A-4B3D-92F0-C3289B319619}.Debug|Any CPU.ActiveCfg = Debug|Any CPU
		{BD2EFD20-D15A-4B3D-92F0-C3289B319619}.Debug|Any CPU.Build.0 = Debug|Any CPU
		{BD2EFD20-D15A-4B3D-92F0-C3289B319619}.Release|Any CPU.ActiveCfg = Release|Any CPU
		{BD2EFD20-D15A-4B3D-92F0-C3289B319619}.Release|Any CPU.Build.0 = Release|Any CPU
		{A7900FCB-9066-425D-9477-60F05B08FAF5}.Debug|Any CPU.ActiveCfg = Debug|Any CPU
		{A7900FCB-9066-425D-9477-60F05B08FAF5}.Debug|Any CPU.Build.0 = Debug|Any CPU
		{A7900FCB-9066-425D-9477-60F05B08FAF5}.Release|Any CPU.ActiveCfg = Release|Any CPU
		{A7900FCB-9066-425D-9477-60F05B08FAF5}.Release|Any CPU.Build.0 = Release|Any CPU
	EndGlobalSection
	GlobalSection(SolutionProperties) = preSolution
		HideSolutionNode = FALSE
	EndGlobalSection
	GlobalSection(ExtensibilityGlobals) = postSolution
		SolutionGuid = {85F2AD0C-8352-451D-AEFC-B3C33C0EFFF7}
	EndGlobalSection
EndGlobal
