
Microsoft Visual Studio Solution File, Format Version 12.00
# Visual Studio Version 17
VisualStudioVersion = 17.11.35201.85
MinimumVisualStudioVersion = 10.0.40219.1
Project("{2150E333-8FDC-42A3-9474-1A3956D46DE8}") = "Solution Items", "Solution Items", "{296BD9CD-4636-45DB-B9C0-1B57B668CC40}"
	ProjectSection(SolutionItems) = preProject
		.gitattributes = .gitattributes
		.gitignore = .gitignore
		LICENSE.txt = LICENSE.txt
		README.md = README.md
	EndProjectSection
EndProject
Project("{9A19103F-16F7-4668-BE54-9A1E7A4F7556}") = "Billiano.LangExt.Functional.OptionResult", "Billiano.LangExt.Functional.OptionResult\Billiano.LangExt.Functional.OptionResult.csproj", "{BD2EFD20-D15A-4B3D-92F0-C3289B319619}"
EndProject
Project("{9A19103F-16F7-4668-BE54-9A1E7A4F7556}") = "UserServiceSample", "samples\UserServiceSample\UserServiceSample.csproj", "{199338A3-5324-4E90-9456-031FD2B9641E}"
EndProject
Project("{FAE04EC0-301F-11D3-BF4B-00C04F79EFBC}") = "Billiano.LangExt.Tests", "Billiano.LangExt.Tests\Billiano.LangExt.Tests.csproj", "{2D75DDDB-EF46-4516-BA49-1A686996D872}"
EndProject
Global
	GlobalSection(SolutionConfigurationPlatforms) = preSolution
		Debug|Any CPU = Debug|Any CPU
		Release|Any CPU = Release|Any CPU
	EndGlobalSection
	GlobalSection(ProjectConfigurationPlatforms) = postSolution
		{BD2EFD20-D15A-4B3D-92F0-C3289B319619}.Debug|Any CPU.ActiveCfg = Debug|Any CPU
		{BD2EFD20-D15A-4B3D-92F0-C3289B319619}.Debug|Any CPU.Build.0 = Debug|Any CPU
		{BD2EFD20-D15A-4B3D-92F0-C3289B319619}.Release|Any CPU.ActiveCfg = Release|Any CPU
		{BD2EFD20-D15A-4B3D-92F0-C3289B319619}.Release|Any CPU.Build.0 = Release|Any CPU
		{199338A3-5324-4E90-9456-031FD2B9641E}.Debug|Any CPU.ActiveCfg = Debug|Any CPU
		{199338A3-5324-4E90-9456-031FD2B9641E}.Debug|Any CPU.Build.0 = Debug|Any CPU
		{199338A3-5324-4E90-9456-031FD2B9641E}.Release|Any CPU.ActiveCfg = Release|Any CPU
		{199338A3-5324-4E90-9456-031FD2B9641E}.Release|Any CPU.Build.0 = Release|Any CPU
		{2D75DDDB-EF46-4516-BA49-1A686996D872}.Debug|Any CPU.ActiveCfg = Debug|Any CPU
		{2D75DDDB-EF46-4516-BA49-1A686996D872}.Debug|Any CPU.Build.0 = Debug|Any CPU
		{2D75DDDB-EF46-4516-BA49-1A686996D872}.Release|Any CPU.ActiveCfg = Release|Any CPU
		{2D75DDDB-EF46-4516-BA49-1A686996D872}.Release|Any CPU.Build.0 = Release|Any CPU
	EndGlobalSection
	GlobalSection(SolutionProperties) = preSolution
		HideSolutionNode = FALSE
	EndGlobalSection
	GlobalSection(ExtensibilityGlobals) = postSolution
		SolutionGuid = {85F2AD0C-8352-451D-AEFC-B3C33C0EFFF7}
	EndGlobalSection
EndGlobal
